{
  "version": "2",
  "remote": {
    "https://deno.land/std@0.198.0/_util/os.ts": "d932f56d41e4f6a6093d56044e29ce637f8dcc43c5a90af43504a889cf1775e3",
    "https://deno.land/std@0.198.0/assert/assert.ts": "9a97dad6d98c238938e7540736b826440ad8c1c1e54430ca4c4e623e585607ee",
    "https://deno.land/std@0.198.0/assert/assertion_error.ts": "4d0bde9b374dfbcbe8ac23f54f567b77024fb67dbb1906a852d67fe050d42f56",
    "https://deno.land/std@0.198.0/fs/_util.ts": "fbf57dcdc9f7bc8128d60301eece608246971a7836a3bb1e78da75314f08b978",
    "https://deno.land/std@0.198.0/fs/ensure_dir.ts": "dc64c4c75c64721d4e3fb681f1382f803ff3d2868f08563ff923fdd20d071c40",
    "https://deno.land/std@0.198.0/fs/walk.ts": "21a3cc5ff39c38acc93575213f54d5f1d44c5c6614ed97603d171eb0bf56a565",
    "https://deno.land/std@0.198.0/path/_basename.ts": "057d420c9049821f983f784fd87fa73ac471901fb628920b67972b0f44319343",
    "https://deno.land/std@0.198.0/path/_constants.ts": "e49961f6f4f48039c0dfed3c3f93e963ca3d92791c9d478ac5b43183413136e0",
    "https://deno.land/std@0.198.0/path/_dirname.ts": "355e297236b2218600aee7a5301b937204c62e12da9db4b0b044993d9e658395",
    "https://deno.land/std@0.198.0/path/_extname.ts": "eaaa5aae1acf1f03254d681bd6a8ce42a9cb5b7ff2213a9d4740e8ab31283664",
    "https://deno.land/std@0.198.0/path/_format.ts": "4a99270d6810f082e614309164fad75d6f1a483b68eed97c830a506cc589f8b4",
    "https://deno.land/std@0.198.0/path/_from_file_url.ts": "7e4e5626089785adddb061f1b9f4932d6b21c7df778e7449531a11e32048245c",
    "https://deno.land/std@0.198.0/path/_interface.ts": "6471159dfbbc357e03882c2266d21ef9afdb1e4aa771b0545e90db58a0ba314b",
    "https://deno.land/std@0.198.0/path/_is_absolute.ts": "05dac10b5e93c63198b92e3687baa2be178df5321c527dc555266c0f4f51558c",
    "https://deno.land/std@0.198.0/path/_join.ts": "fd78555bc34d5f188918fc7018dfe8fe2df5bbad94a3b30a433666c03934d77f",
    "https://deno.land/std@0.198.0/path/_normalize.ts": "a19ec8706b2707f9dd974662a5cd89fad438e62ab1857e08b314a8eb49a34d81",
    "https://deno.land/std@0.198.0/path/_parse.ts": "0f9b0ff43682dd9964eb1c4398610c4e165d8db9d3ac9d594220217adf480cfa",
    "https://deno.land/std@0.198.0/path/_relative.ts": "27bdeffb5311a47d85be26d37ad1969979359f7636c5cd9fcf05dcd0d5099dc5",
    "https://deno.land/std@0.198.0/path/_resolve.ts": "3bf0287d62488cad08c3c219a9708c4a4c658c65d7b4400fd99afdc3ba10a64d",
    "https://deno.land/std@0.198.0/path/_to_file_url.ts": "739bfda583598790b2e77ce227f2bb618f6ebdb939788cea47555b43970ec58c",
    "https://deno.land/std@0.198.0/path/_to_namespaced_path.ts": "0d5f4caa2ed98ef7a8786286df6af804b50e38859ae897b5b5b4c8c5930a75c8",
    "https://deno.land/std@0.198.0/path/_util.ts": "4e191b1bac6b3bf0c31aab42e5ca2e01a86ab5a0d2e08b75acf8585047a86221",
    "https://deno.land/std@0.198.0/path/basename.ts": "6f08fbb90dbfcf320765b3abb01f995b1723f75e2534acfd5380e202c802a3aa",
    "https://deno.land/std@0.198.0/path/common.ts": "ee7505ab01fd22de3963b64e46cff31f40de34f9f8de1fff6a1bd2fe79380000",
    "https://deno.land/std@0.198.0/path/dirname.ts": "098996822a31b4c46e1eb52a19540d3c6f9f54b772fc8a197939eeabc29fca2f",
    "https://deno.land/std@0.198.0/path/extname.ts": "9b83c62fd16505739541f7a3ab447d8972da39dbf668d47af2f93206c2480893",
    "https://deno.land/std@0.198.0/path/format.ts": "cb22f95cc7853d590b87708cc9441785e760d711188facff3d225305a8213aca",
    "https://deno.land/std@0.198.0/path/from_file_url.ts": "a6221cfc928928ec4d9786d767dfac98fa2ab746af0786446c9834a07b98817e",
    "https://deno.land/std@0.198.0/path/glob.ts": "d479e0a695621c94d3fd7fe7abd4f9499caf32a8de13f25073451c6ef420a4e1",
    "https://deno.land/std@0.198.0/path/is_absolute.ts": "6b3d36352eb7fa29edb53f9e7b09b1aeb022a3c5465764f6cc5b8c41f9736197",
    "https://deno.land/std@0.198.0/path/join.ts": "4a2867ff2f3c81ffc9eb3d56dade16db6f8bd3854f269306d23dad4115089c84",
    "https://deno.land/std@0.198.0/path/mod.ts": "7765507696cb321994cdacfc19ee3ba61e8e3ebf4bd98fa75a276cf5dc18ce2a",
    "https://deno.land/std@0.198.0/path/normalize.ts": "7d992cd262b2deefa842d93a8ba2ed51f3949ba595b1d07f627ac2cddbc74808",
    "https://deno.land/std@0.198.0/path/parse.ts": "031fe488b3497fb8312fc1dc3c3d6c2d80707edd9c661e18ee9fd20f95edf322",
    "https://deno.land/std@0.198.0/path/posix.ts": "0a1c1952d132323a88736d03e92bd236f3ed5f9f079e5823fae07c8d978ee61b",
    "https://deno.land/std@0.198.0/path/relative.ts": "7db80c5035016174267da16321a742d76e875215c317859a383b12f413c6f5d6",
    "https://deno.land/std@0.198.0/path/resolve.ts": "103b62207726a27f28177f397008545804ecb20aaf00623af1f622b18cd80b9f",
    "https://deno.land/std@0.198.0/path/separator.ts": "0fb679739d0d1d7bf45b68dacfb4ec7563597a902edbaf3c59b50d5bcadd93b1",
    "https://deno.land/std@0.198.0/path/to_file_url.ts": "dd32f7a01bbf3b15b5df46796659984b372973d9b2d7d59bcf0eb990763a0cb5",
    "https://deno.land/std@0.198.0/path/to_namespaced_path.ts": "4e643ab729bf49ccdc166ad48d2de262ff462938fcf2a44a4425588f4a0bd690",
    "https://deno.land/std@0.198.0/path/win32.ts": "8b3f80ef7a462511d5e8020ff490edcaa0a0d118f1b1e9da50e2916bdd73f9dd",
    "https://esm.sh/@unocss/core@0.55.0": "6efbb5d291272c3c38e87a19544224bb4f7eccd0fb552c199f55828e826ce901",
    "https://esm.sh/@unocss/preset-icons@0.55.0": "4f58e237dd9f7bcca2be7ee8533e28bfc9ec309b8f9939e326696b542bc99039",
    "https://esm.sh/@unocss/preset-typography@0.55.0": "566e0bc286c4d87deb20e9d90eb096f319e1b86a27e1254461b44508d910b8d8",
    "https://esm.sh/@unocss/preset-uno@0.55.0": "dd5be26926c7c1e3830c34505e806f70feddb808ee7e1dff752a8c90773de6ad",
    "https://esm.sh/v130/@antfu/install-pkg@0.1.1/denonext/install-pkg.mjs": "912e2455f5bcc3ee6d367bfd62b8a45467b347d3c3e127a289f003ba08436705",
    "https://esm.sh/v130/@antfu/utils@0.7.4/denonext/utils.mjs": "4e43732e86025a0c82812e8abe0f0e16ec56bcb14bd3162eaa0ba5d4d8414a89",
    "https://esm.sh/v130/@iconify/utils@2.1.7/denonext/lib/loader/node-loader.js": "7f2780fcf58a48e7b065d9b36dfdd6073270d515c6c81b89f8e3df8ec98855d3",
    "https://esm.sh/v130/@unocss/core@0.55.0/denonext/core.mjs": "3eeabf87e0ac80549e921cd7a9a9164842be7169f992ec01947d5a4136a2ee15",
    "https://esm.sh/v130/@unocss/extractor-arbitrary-variants@0.55.0/denonext/extractor-arbitrary-variants.mjs": "d79a1ba80a495cc6c191f95c62f450505b75bd78a8f850f2f59f3e138121c7b3",
    "https://esm.sh/v130/@unocss/preset-icons@0.55.0/X-aXI/denonext/preset-icons.mjs": "b29dc81ed905c89b0cf5ee8801927cd32d7e045525260972bea3ea3bf77d8f7a",
    "https://esm.sh/v130/@unocss/preset-mini@0.55.0/denonext/preset-mini.mjs": "943c385a7a562831f94bb73f7de7e650ab940e8d5c596d86435a94e7665181b1",
    "https://esm.sh/v130/@unocss/preset-mini@0.55.0/denonext/rules.js": "b945ee6d7ce29787818574345b884b8bc1d789d2a613ba14c9f138e97896fcd1",
    "https://esm.sh/v130/@unocss/preset-mini@0.55.0/denonext/theme.js": "9fcd54c3bed6e0610ca2f5c2c3bd2c838cc868fe7e2f8e351680fddb02336a13",
    "https://esm.sh/v130/@unocss/preset-mini@0.55.0/denonext/utils.js": "7aa547d99369f244694fe94132b31f44468336a65249d9dc762cfb46fbcad5d8",
    "https://esm.sh/v130/@unocss/preset-mini@0.55.0/denonext/variants.js": "32ee0f949c42fcc821235180480b9b0d5191036ee0f69debf0d290f43ad3152e",
    "https://esm.sh/v130/@unocss/preset-typography@0.55.0/denonext/preset-typography.mjs": "374b94e36c852fa0c723d8fe2290aeafa3e601b32d16b56baba0e84ce6f98d42",
    "https://esm.sh/v130/@unocss/preset-uno@0.55.0/denonext/preset-uno.mjs": "a88f263ff3eb54870b434bf5397fe67b0c1bd5b1bd313b7fa5053b4bf58df71f",
    "https://esm.sh/v130/@unocss/preset-wind@0.55.0/denonext/preset-wind.mjs": "bc15e9b1982ca1f5d612bf2a715d70278193b25c157070e68cd3563fe576a1eb",
    "https://esm.sh/v130/cross-spawn@7.0.3/denonext/cross-spawn.mjs": "a5f86a18d86daa0d04720e6a6315b04db9c0c1cdda7c438a42757a25f5262480",
    "https://esm.sh/v130/debug@4.3.4/denonext/debug.mjs": "d1128c99d8db6958680ab6b0ed23ec28681844a46e260fae1cb6ef5f50fc678a",
    "https://esm.sh/v130/destr@2.0.0/denonext/destr.mjs": "7b5677d93e1d10106b1476cacb8dc0f61f3e98a856115052befe954f0db72723",
    "https://esm.sh/v130/execa@5.1.1/denonext/execa.mjs": "ec6863deb8ea56d2ca9ff3fdd18b3f6c474771f40ee604cef5c1949a007615f2",
    "https://esm.sh/v130/find-up@5.0.0/denonext/find-up.mjs": "f1d0bd85919e92b8a55bc0bba3a642cdddc57d0120105eb409414a50d1c64870",
    "https://esm.sh/v130/get-stream@6.0.1/denonext/get-stream.mjs": "a947a16f8cb3052fd654a84f8b36b40ce96b6a5acfb3ad4ab69d814bcf3351fb",
    "https://esm.sh/v130/human-signals@2.1.0/denonext/human-signals.mjs": "8d1b1224d16f12283cb52c24f93548ab82d61ecb34fcb9c04f7a49e29d1afe68",
    "https://esm.sh/v130/is-stream@2.0.1/denonext/is-stream.mjs": "456bc690361378c52fac24a7f362044f036942b1298e812799a67882d6c1febf",
    "https://esm.sh/v130/isexe@2.0.0/denonext/isexe.mjs": "3cfefd270d1bfdfb864ee98dbb8f41d150cbf480925158f4a8f0ade8a9e17d6c",
    "https://esm.sh/v130/kolorist@1.8.0/denonext/kolorist.mjs": "b6d03c5f1040873b78ff4f88ad9948de88803d35f90a5c1a77c04513abdf3f6f",
    "https://esm.sh/v130/local-pkg@0.4.3/denonext/local-pkg.mjs": "6911a5564e55c3e4da2f14391b7c2791564a515d6f48ef0cbd5c2c36cb3bb751",
    "https://esm.sh/v130/locate-path@6.0.0/denonext/locate-path.mjs": "d0a8fab553b1e0c3df1f36119eff1ba7e09b77e4d2c34e9ca1c9e6be8d425a3d",
    "https://esm.sh/v130/merge-stream@2.0.0/denonext/merge-stream.mjs": "2c2af22401c294158d6bff659d157e3d2c028c218cc1bd2246534a45a4c03c61",
    "https://esm.sh/v130/mimic-fn@2.1.0/denonext/mimic-fn.mjs": "eb833a5f55567c0a0099c2194d8de27175d0cc65e6a17fbed872a6ab8411a600",
    "https://esm.sh/v130/ms@2.1.2/denonext/ms.mjs": "aa4dc45ba72554c5011168f8910cc646c37af53cfff1a15a4decced838b8eb14",
    "https://esm.sh/v130/npm-run-path@4.0.1/denonext/npm-run-path.mjs": "2f55485846449226fea19a9aa37aa15526bb05c3c8745cc440b1eecc95b49368",
    "https://esm.sh/v130/ofetch@1.1.1/denonext/ofetch.mjs": "71a8bab734013c557ef52b247088c5e053e3399d7bd36751e1e385c7b728000d",
    "https://esm.sh/v130/onetime@5.1.2/denonext/onetime.mjs": "fa4067c8be390eca3a6fd5042c3f6adf02664615bab54ebbdd1fe6f6a1be8a21",
    "https://esm.sh/v130/p-limit@3.1.0/denonext/p-limit.mjs": "c9d25c3aa32e1116c260bd9b48605fbae8329f42ad4cb9b0201bb5aba1550cb4",
    "https://esm.sh/v130/p-locate@5.0.0/denonext/p-locate.mjs": "813f94ba0a430f5e706880f3d26bd45c39255bfbf12c5ac82f7e1ece87ada05a",
    "https://esm.sh/v130/path-exists@4.0.0/denonext/path-exists.mjs": "133ea4ce0a86c60fbae5635f6c693f291ffd28d6cf248db6a1aded9e48a1cc25",
    "https://esm.sh/v130/path-key@3.1.1/denonext/path-key.mjs": "add83c631278b7df9b33ae84e41142db88bb291295bcc27eb4e77a1cbdfa71d0",
    "https://esm.sh/v130/shebang-command@2.0.0/denonext/shebang-command.mjs": "8b2b4e3c0a6c501876045dff3ae6bbbede35fee231fad6cbd81179bf675082c9",
    "https://esm.sh/v130/shebang-regex@3.0.0/denonext/shebang-regex.mjs": "03983ba59dd2cba9402935e21b46d05f5249364cba9f5757aef23c6c2fea65b9",
    "https://esm.sh/v130/signal-exit@3.0.7/denonext/signal-exit.mjs": "2a176e5f9b351fa8057213c627a1503d63bf308b64447ef47f1ca6fbb2a91c81",
    "https://esm.sh/v130/strip-final-newline@2.0.0/denonext/strip-final-newline.mjs": "80f75a1f61d82f6689e8ac533c99dd9a5f8c43c18f0dcfe111fb664169d6e8da",
    "https://esm.sh/v130/ufo@1.1.2/denonext/ufo.mjs": "7357385d98d6390a61798a48836f6e6a4b59f0cd5aebc031d8f450416dab6c6b",
    "https://esm.sh/v130/which@2.0.2/denonext/which.mjs": "29947b7ab89944607c710f2c776550619315f555e87c560911796e006ed01ae1",
    "https://esm.sh/v130/yocto-queue@0.1.0/denonext/yocto-queue.mjs": "e78d3fb552975412dd7aad885dfe67fd2e116e05bcbce360408eb446ee89434c"
  }
}
